
Microsoft Visual Studio Solution File, Format Version 11.00
# Visual Studio 2010
Project("{FAE04EC0-301F-11D3-BF4B-00C04F79EFBC}") = "ConsoleApplication1", "ConsoleApplication1\ConsoleApplication1.csproj", "{62FFC967-3497-448A-9F9B-22FE1712FA93}"
EndProject
Project("{FAE04EC0-301F-11D3-BF4B-00C04F79EFBC}") = "ConsoleApplication2", "ConsoleApplication2\ConsoleApplication2.csproj", "{E2F32C29-E05F-449A-8B1F-58EEB1245016}"
EndProject
Project("{FAE04EC0-301F-11D3-BF4B-00C04F79EFBC}") = "ConsoleApplication3", "ConsoleApplication3\ConsoleApplication3.csproj", "{5958F4EB-856C-4610-B60D-EF2350D365EA}"
EndProject
Project("{FAE04EC0-301F-11D3-BF4B-00C04F79EFBC}") = "ConsoleApplication4", "ConsoleApplication4\ConsoleApplication4.csproj", "{EB90C350-C436-4AB2-9DA6-97D3EF866E1E}"
EndProject
Global
	GlobalSection(SolutionConfigurationPlatforms) = preSolution
		Debug|Any CPU = Debug|Any CPU
		Release|Any CPU = Release|Any CPU
	EndGlobalSection
	GlobalSection(ProjectConfigurationPlatforms) = postSolution
		{62FFC967-3497-448A-9F9B-22FE1712FA93}.Debug|Any CPU.ActiveCfg = Debug|Any CPU
		{62FFC967-3497-448A-9F9B-22FE1712FA93}.Debug|Any CPU.Build.0 = Debug|Any CPU
		{62FFC967-3497-448A-9F9B-22FE1712FA93}.Release|Any CPU.ActiveCfg = Release|Any CPU
		{62FFC967-3497-448A-9F9B-22FE1712FA93}.Release|Any CPU.Build.0 = Release|Any CPU
		{E2F32C29-E05F-449A-8B1F-58EEB1245016}.Debug|Any CPU.ActiveCfg = Debug|Any CPU
		{E2F32C29-E05F-449A-8B1F-58EEB1245016}.Debug|Any CPU.Build.0 = Debug|Any CPU
		{E2F32C29-E05F-449A-8B1F-58EEB1245016}.Release|Any CPU.ActiveCfg = Release|Any CPU
		{E2F32C29-E05F-449A-8B1F-58EEB1245016}.Release|Any CPU.Build.0 = Release|Any CPU
		{5958F4EB-856C-4610-B60D-EF2350D365EA}.Debug|Any CPU.ActiveCfg = Debug|Any CPU
		{5958F4EB-856C-4610-B60D-EF2350D365EA}.Debug|Any CPU.Build.0 = Debug|Any CPU
		{5958F4EB-856C-4610-B60D-EF2350D365EA}.Release|Any CPU.ActiveCfg = Release|Any CPU
		{5958F4EB-856C-4610-B60D-EF2350D365EA}.Release|Any CPU.Build.0 = Release|Any CPU
		{EB90C350-C436-4AB2-9DA6-97D3EF866E1E}.Debug|Any CPU.ActiveCfg = Debug|Any CPU
		{EB90C350-C436-4AB2-9DA6-97D3EF866E1E}.Debug|Any CPU.Build.0 = Debug|Any CPU
		{EB90C350-C436-4AB2-9DA6-97D3EF866E1E}.Release|Any CPU.ActiveCfg = Release|Any CPU
		{EB90C350-C436-4AB2-9DA6-97D3EF866E1E}.Release|Any CPU.Build.0 = Release|Any CPU
	EndGlobalSection
	GlobalSection(SolutionProperties) = preSolution
		HideSolutionNode = FALSE
	EndGlobalSection
EndGlobal
